
Microsoft Visual Studio Solution File, Format Version 12.00
# Visual Studio Version 17
VisualStudioVersion = 17.9.34902.65
MinimumVisualStudioVersion = 10.0.40219.1
Project("{FAE04EC0-301F-11D3-BF4B-00C04F79EFBC}") = "TestsCSharpMySQL", "TestsCSharpMySQL\TestsCSharpMySQL.csproj", "{4A09D2AA-C29E-4188-B9C8-8CF3718B5009}"
EndProject
Global
	GlobalSection(SolutionConfigurationPlatforms) = preSolution
		Debug|Any CPU = Debug|Any CPU
		Release|Any CPU = Release|Any CPU
	EndGlobalSection
	GlobalSection(ProjectConfigurationPlatforms) = postSolution
		{4A09D2AA-C29E-4188-B9C8-8CF3718B5009}.Debug|Any CPU.ActiveCfg = Debug|Any CPU
		{4A09D2AA-C29E-4188-B9C8-8CF3718B5009}.Debug|Any CPU.Build.0 = Debug|Any CPU
		{4A09D2AA-C29E-4188-B9C8-8CF3718B5009}.Release|Any CPU.ActiveCfg = Release|Any CPU
		{4A09D2AA-C29E-4188-B9C8-8CF3718B5009}.Release|Any CPU.Build.0 = Release|Any CPU
	EndGlobalSection
	GlobalSection(SolutionProperties) = preSolution
		HideSolutionNode = FALSE
	EndGlobalSection
	GlobalSection(ExtensibilityGlobals) = postSolution
		SolutionGuid = {7B829495-7A0A-4BFB-8152-507A4992ED2F}
	EndGlobalSection
EndGlobal
